// !$*UTF8*$!
{
	archiveVersion = 1;
	classes = {
	};
	objectVersion = 46;
	objects = {

/* Begin PBXBuildFile section */
		A414C3AA1A94CFD7000FC74B /* AppDelegate.swift in Sources */ = {isa = PBXBuildFile; fileRef = A414C3A91A94CFD7000FC74B /* AppDelegate.swift */; };
		A414C3AC1A94CFD7000FC74B /* ViewController.swift in Sources */ = {isa = PBXBuildFile; fileRef = A414C3AB1A94CFD7000FC74B /* ViewController.swift */; };
		A414C3AF1A94CFD7000FC74B /* Main.storyboard in Resources */ = {isa = PBXBuildFile; fileRef = A414C3AD1A94CFD7000FC74B /* Main.storyboard */; };
		A414C3B11A94CFD7000FC74B /* Images.xcassets in Resources */ = {isa = PBXBuildFile; fileRef = A414C3B01A94CFD7000FC74B /* Images.xcassets */; };
		A414C3B41A94CFD7000FC74B /* LaunchScreen.xib in Resources */ = {isa = PBXBuildFile; fileRef = A414C3B21A94CFD7000FC74B /* LaunchScreen.xib */; };
		A414C3C01A94CFD7000FC74B /* GestureTutorialTests.swift in Sources */ = {isa = PBXBuildFile; fileRef = A414C3BF1A94CFD7000FC74B /* GestureTutorialTests.swift */; };
/* End PBXBuildFile section */

/* Begin PBXContainerItemProxy section */
		A414C3BA1A94CFD7000FC74B /* PBXContainerItemProxy */ = {
			isa = PBXContainerItemProxy;
			containerPortal = A414C39C1A94CFD7000FC74B /* Project object */;
			proxyType = 1;
			remoteGlobalIDString = A414C3A31A94CFD7000FC74B;
			remoteInfo = GestureTutorial;
		};
/* End PBXContainerItemProxy section */

/* Begin PBXFileReference section */
		A414C3A41A94CFD7000FC74B /* GestureTutorial.app */ = {isa = PBXFileReference; explicitFileType = wrapper.application; includeInIndex = 0; path = GestureTutorial.app; sourceTree = BUILT_PRODUCTS_DIR; };
		A414C3A81A94CFD7000FC74B /* Info.plist */ = {isa = PBXFileReference; lastKnownFileType = text.plist.xml; path = Info.plist; sourceTree = "<group>"; };
		A414C3A91A94CFD7000FC74B /* AppDelegate.swift */ = {isa = PBXFileReference; lastKnownFileType = sourcecode.swift; path = AppDelegate.swift; sourceTree = "<group>"; };
		A414C3AB1A94CFD7000FC74B /* ViewController.swift */ = {isa = PBXFileReference; lastKnownFileType = sourcecode.swift; path = ViewController.swift; sourceTree = "<group>"; };
		A414C3AE1A94CFD7000FC74B /* Base */ = {isa = PBXFileReference; lastKnownFileType = file.storyboard; name = Base; path = Base.lproj/Main.storyboard; sourceTree = "<group>"; };
		A414C3B01A94CFD7000FC74B /* Images.xcassets */ = {isa = PBXFileReference; lastKnownFileType = folder.assetcatalog; path = Images.xcassets; sourceTree = "<group>"; };
		A414C3B31A94CFD7000FC74B /* Base */ = {isa = PBXFileReference; lastKnownFileType = file.xib; name = Base; path = Base.lproj/LaunchScreen.xib; sourceTree = "<group>"; };
		A414C3B91A94CFD7000FC74B /* GestureTutorialTests.xctest */ = {isa = PBXFileReference; explicitFileType = wrapper.cfbundle; includeInIndex = 0; path = GestureTutorialTests.xctest; sourceTree = BUILT_PRODUCTS_DIR; };
		A414C3BE1A94CFD7000FC74B /* Info.plist */ = {isa = PBXFileReference; lastKnownFileType = text.plist.xml; path = Info.plist; sourceTree = "<group>"; };
		A414C3BF1A94CFD7000FC74B /* GestureTutorialTests.swift */ = {isa = PBXFileReference; lastKnownFileType = sourcecode.swift; path = GestureTutorialTests.swift; sourceTree = "<group>"; };
/* End PBXFileReference section */

/* Begin PBXFrameworksBuildPhase section */
		A414C3A11A94CFD7000FC74B /* Frameworks */ = {
			isa = PBXFrameworksBuildPhase;
			buildActionMask = 2147483647;
			files = (
			);
			runOnlyForDeploymentPostprocessing = 0;
		};
		A414C3B61A94CFD7000FC74B /* Frameworks */ = {
			isa = PBXFrameworksBuildPhase;
			buildActionMask = 2147483647;
			files = (
			);
			runOnlyForDeploymentPostprocessing = 0;
		};
/* End PBXFrameworksBuildPhase section */

/* Begin PBXGroup section */
		A414C39B1A94CFD7000FC74B = {
			isa = PBXGroup;
			children = (
				A414C3A61A94CFD7000FC74B /* GestureTutorial */,
				A414C3BC1A94CFD7000FC74B /* GestureTutorialTests */,
				A414C3A51A94CFD7000FC74B /* Products */,
			);
			sourceTree = "<group>";
		};
		A414C3A51A94CFD7000FC74B /* Products */ = {
			isa = PBXGroup;
			children = (
				A414C3A41A94CFD7000FC74B /* GestureTutorial.app */,
				A414C3B91A94CFD7000FC74B /* GestureTutorialTests.xctest */,
			);
			name = Products;
			sourceTree = "<group>";
		};
		A414C3A61A94CFD7000FC74B /* GestureTutorial */ = {
			isa = PBXGroup;
			children = (
				A414C3A91A94CFD7000FC74B /* AppDelegate.swift */,
				A414C3AB1A94CFD7000FC74B /* ViewController.swift */,
				A414C3AD1A94CFD7000FC74B /* Main.storyboard */,
				A414C3B01A94CFD7000FC74B /* Images.xcassets */,
				A414C3B21A94CFD7000FC74B /* LaunchScreen.xib */,
				A414C3A71A94CFD7000FC74B /* Supporting Files */,
			);
			path = GestureTutorial;
			sourceTree = "<group>";
		};
		A414C3A71A94CFD7000FC74B /* Supporting Files */ = {
			isa = PBXGroup;
			children = (
				A414C3A81A94CFD7000FC74B /* Info.plist */,
			);
			name = "Supporting Files";
			sourceTree = "<group>";
		};
		A414C3BC1A94CFD7000FC74B /* GestureTutorialTests */ = {
			isa = PBXGroup;
			children = (
				A414C3BF1A94CFD7000FC74B /* GestureTutorialTests.swift */,
				A414C3BD1A94CFD7000FC74B /* Supporting Files */,
			);
			path = GestureTutorialTests;
			sourceTree = "<group>";
		};
		A414C3BD1A94CFD7000FC74B /* Supporting Files */ = {
			isa = PBXGroup;
			children = (
				A414C3BE1A94CFD7000FC74B /* Info.plist */,
			);
			name = "Supporting Files";
			sourceTree = "<group>";
		};
/* End PBXGroup section */

/* Begin PBXNativeTarget section */
		A414C3A31A94CFD7000FC74B /* GestureTutorial */ = {
			isa = PBXNativeTarget;
			buildConfigurationList = A414C3C31A94CFD7000FC74B /* Build configuration list for PBXNativeTarget "GestureTutorial" */;
			buildPhases = (
				A414C3A01A94CFD7000FC74B /* Sources */,
				A414C3A11A94CFD7000FC74B /* Frameworks */,
				A414C3A21A94CFD7000FC74B /* Resources */,
			);
			buildRules = (
			);
			dependencies = (
			);
			name = GestureTutorial;
			productName = GestureTutorial;
			productReference = A414C3A41A94CFD7000FC74B /* GestureTutorial.app */;
			productType = "com.apple.product-type.application";
		};
		A414C3B81A94CFD7000FC74B /* GestureTutorialTests */ = {
			isa = PBXNativeTarget;
			buildConfigurationList = A414C3C61A94CFD7000FC74B /* Build configuration list for PBXNativeTarget "GestureTutorialTests" */;
			buildPhases = (
				A414C3B51A94CFD7000FC74B /* Sources */,
				A414C3B61A94CFD7000FC74B /* Frameworks */,
				A414C3B71A94CFD7000FC74B /* Resources */,
			);
			buildRules = (
			);
			dependencies = (
				A414C3BB1A94CFD7000FC74B /* PBXTargetDependency */,
			);
			name = GestureTutorialTests;
			productName = GestureTutorialTests;
			productReference = A414C3B91A94CFD7000FC74B /* GestureTutorialTests.xctest */;
			productType = "com.apple.product-type.bundle.unit-test";
		};
/* End PBXNativeTarget section */

/* Begin PBXProject section */
		A414C39C1A94CFD7000FC74B /* Project object */ = {
			isa = PBXProject;
			attributes = {
				LastUpgradeCheck = 0610;
				ORGANIZATIONNAME = "Srinivas, Thirumalaa";
				TargetAttributes = {
					A414C3A31A94CFD7000FC74B = {
						CreatedOnToolsVersion = 6.1.1;
					};
					A414C3B81A94CFD7000FC74B = {
						CreatedOnToolsVersion = 6.1.1;
						TestTargetID = A414C3A31A94CFD7000FC74B;
					};
				};
			};
			buildConfigurationList = A414C39F1A94CFD7000FC74B /* Build configuration list for PBXProject "GestureTutorial" */;
			compatibilityVersion = "Xcode 3.2";
			developmentRegion = English;
			hasScannedForEncodings = 0;
			knownRegions = (
				en,
				Base,
			);
			mainGroup = A414C39B1A94CFD7000FC74B;
			productRefGroup = A414C3A51A94CFD7000FC74B /* Products */;
			projectDirPath = "";
			projectRoot = "";
			targets = (
				A414C3A31A94CFD7000FC74B /* GestureTutorial */,
				A414C3B81A94CFD7000FC74B /* GestureTutorialTests */,
			);
		};
/* End PBXProject section */

/* Begin PBXResourcesBuildPhase section */
		A414C3A21A94CFD7000FC74B /* Resources */ = {
			isa = PBXResourcesBuildPhase;
			buildActionMask = 2147483647;
			files = (
				A414C3AF1A94CFD7000FC74B /* Main.storyboard in Resources */,
				A414C3B41A94CFD7000FC74B /* LaunchScreen.xib in Resources */,
				A414C3B11A94CFD7000FC74B /* Images.xcassets in Resources */,
			);
			runOnlyForDeploymentPostprocessing = 0;
		};
		A414C3B71A94CFD7000FC74B /* Resources */ = {
			isa = PBXResourcesBuildPhase;
			buildActionMask = 2147483647;
			files = (
			);
			runOnlyForDeploymentPostprocessing = 0;
		};
/* End PBXResourcesBuildPhase section */

/* Begin PBXSourcesBuildPhase section */
		A414C3A01A94CFD7000FC74B /* Sources */ = {
			isa = PBXSourcesBuildPhase;
			buildActionMask = 2147483647;
			files = (
				A414C3AC1A94CFD7000FC74B /* ViewController.swift in Sources */,
				A414C3AA1A94CFD7000FC74B /* AppDelegate.swift in Sources */,
			);
			runOnlyForDeploymentPostprocessing = 0;
		};
		A414C3B51A94CFD7000FC74B /* Sources */ = {
			isa = PBXSourcesBuildPhase;
			buildActionMask = 2147483647;
			files = (
				A414C3C01A94CFD7000FC74B /* GestureTutorialTests.swift in Sources */,
			);
			runOnlyForDeploymentPostprocessing = 0;
		};
/* End PBXSourcesBuildPhase section */

/* Begin PBXTargetDependency section */
		A414C3BB1A94CFD7000FC74B /* PBXTargetDependency */ = {
			isa = PBXTargetDependency;
			target = A414C3A31A94CFD7000FC74B /* GestureTutorial */;
			targetProxy = A414C3BA1A94CFD7000FC74B /* PBXContainerItemProxy */;
		};
/* End PBXTargetDependency section */

/* Begin PBXVariantGroup section */
		A414C3AD1A94CFD7000FC74B /* Main.storyboard */ = {
			isa = PBXVariantGroup;
			children = (
				A414C3AE1A94CFD7000FC74B /* Base */,
			);
			name = Main.storyboard;
			sourceTree = "<group>";
		};
		A414C3B21A94CFD7000FC74B /* LaunchScreen.xib */ = {
			isa = PBXVariantGroup;
			children = (
				A414C3B31A94CFD7000FC74B /* Base */,
			);
			name = LaunchScreen.xib;
			sourceTree = "<group>";
		};
/* End PBXVariantGroup section */

/* Begin XCBuildConfiguration section */
		A414C3C11A94CFD7000FC74B /* Debug */ = {
			isa = XCBuildConfiguration;
			buildSettings = {
				ALWAYS_SEARCH_USER_PATHS = NO;
				CLANG_CXX_LANGUAGE_STANDARD = "gnu++0x";
				CLANG_CXX_LIBRARY = "libc++";
				CLANG_ENABLE_MODULES = YES;
				CLANG_ENABLE_OBJC_ARC = YES;
				CLANG_WARN_BOOL_CONVERSION = YES;
				CLANG_WARN_CONSTANT_CONVERSION = YES;
				CLANG_WARN_DIRECT_OBJC_ISA_USAGE = YES_ERROR;
				CLANG_WARN_EMPTY_BODY = YES;
				CLANG_WARN_ENUM_CONVERSION = YES;
				CLANG_WARN_INT_CONVERSION = YES;
				CLANG_WARN_OBJC_ROOT_CLASS = YES_ERROR;
				CLANG_WARN_UNREACHABLE_CODE = YES;
				CLANG_WARN__DUPLICATE_METHOD_MATCH = YES;
				"CODE_SIGN_IDENTITY[sdk=iphoneos*]" = "iPhone Developer";
				COPY_PHASE_STRIP = NO;
				ENABLE_STRICT_OBJC_MSGSEND = YES;
				GCC_C_LANGUAGE_STANDARD = gnu99;
				GCC_DYNAMIC_NO_PIC = NO;
				GCC_OPTIMIZATION_LEVEL = 0;
				GCC_PREPROCESSOR_DEFINITIONS = (
					"DEBUG=1",
					"$(inherited)",
				);
				GCC_SYMBOLS_PRIVATE_EXTERN = NO;
				GCC_WARN_64_TO_32_BIT_CONVERSION = YES;
				GCC_WARN_ABOUT_RETURN_TYPE = YES_ERROR;
				GCC_WARN_UNDECLARED_SELECTOR = YES;
				GCC_WARN_UNINITIALIZED_AUTOS = YES_AGGRESSIVE;
				GCC_WARN_UNUSED_FUNCTION = YES;
				GCC_WARN_UNUSED_VARIABLE = YES;
				IPHONEOS_DEPLOYMENT_TARGET = 8.1;
				MTL_ENABLE_DEBUG_INFO = YES;
				ONLY_ACTIVE_ARCH = YES;
				SDKROOT = iphoneos;
				SWIFT_OPTIMIZATION_LEVEL = "-Onone";
			};
			name = Debug;
		};
		A414C3C21A94CFD7000FC74B /* Release */ = {
			isa = XCBuildConfiguration;
			buildSettings = {
				ALWAYS_SEARCH_USER_PATHS = NO;
				CLANG_CXX_LANGUAGE_STANDARD = "gnu++0x";
				CLANG_CXX_LIBRARY = "libc++";
				CLANG_ENABLE_MODULES = YES;
				CLANG_ENABLE_OBJC_ARC = YES;
				CLANG_WARN_BOOL_CONVERSION = YES;
				CLANG_WARN_CONSTANT_CONVERSION = YES;
				CLANG_WARN_DIRECT_OBJC_ISA_USAGE = YES_ERROR;
				CLANG_WARN_EMPTY_BODY = YES;
				CLANG_WARN_ENUM_CONVERSION = YES;
				CLANG_WARN_INT_CONVERSION = YES;
				CLANG_WARN_OBJC_ROOT_CLASS = YES_ERROR;
				CLANG_WARN_UNREACHABLE_CODE = YES;
				CLANG_WARN__DUPLICATE_METHOD_MATCH = YES;
				"CODE_SIGN_IDENTITY[sdk=iphoneos*]" = "iPhone Developer";
				COPY_PHASE_STRIP = YES;
				ENABLE_NS_ASSERTIONS = NO;
				ENABLE_STRICT_OBJC_MSGSEND = YES;
				GCC_C_LANGUAGE_STANDARD = gnu99;
				GCC_WARN_64_TO_32_BIT_CONVERSION = YES;
				GCC_WARN_ABOUT_RETURN_TYPE = YES_ERROR;
				GCC_WARN_UNDECLARED_SELECTOR = YES;
				GCC_WARN_UNINITIALIZED_AUTOS = YES_AGGRESSIVE;
				GCC_WARN_UNUSED_FUNCTION = YES;
				GCC_WARN_UNUSED_VARIABLE = YES;
				IPHONEOS_DEPLOYMENT_TARGET = 8.1;
				MTL_ENABLE_DEBUG_INFO = NO;
				SDKROOT = iphoneos;
				VALIDATE_PRODUCT = YES;
			};
			name = Release;
		};
		A414C3C41A94CFD7000FC74B /* Debug */ = {
			isa = XCBuildConfiguration;
			buildSettings = {
				ASSETCATALOG_COMPILER_APPICON_NAME = AppIcon;
				INFOPLIST_FILE = GestureTutorial/Info.plist;
				LD_RUNPATH_SEARCH_PATHS = "$(inherited) @executable_path/Frameworks";
				PRODUCT_NAME = "$(TARGET_NAME)";
			};
			name = Debug;
		};
		A414C3C51A94CFD7000FC74B /* Release */ = {
			isa = XCBuildConfiguration;
			buildSettings = {
				ASSETCATALOG_COMPILER_APPICON_NAME = AppIcon;
				INFOPLIST_FILE = GestureTutorial/Info.plist;
				LD_RUNPATH_SEARCH_PATHS = "$(inherited) @executable_path/Frameworks";
				PRODUCT_NAME = "$(TARGET_NAME)";
			};
			name = Release;
		};
		A414C3C71A94CFD7000FC74B /* Debug */ = {
			isa = XCBuildConfiguration;
			buildSettings = {
				BUNDLE_LOADER = "$(TEST_HOST)";
				FRAMEWORK_SEARCH_PATHS = (
					"$(SDKROOT)/Developer/Library/Frameworks",
					"$(inherited)",
				);
				GCC_PREPROCESSOR_DEFINITIONS = (
					"DEBUG=1",
					"$(inherited)",
				);
				INFOPLIST_FILE = GestureTutorialTests/Info.plist;
				LD_RUNPATH_SEARCH_PATHS = "$(inherited) @executable_path/Frameworks @loader_path/Frameworks";
				PRODUCT_NAME = "$(TARGET_NAME)";
				TEST_HOST = "$(BUILT_PRODUCTS_DIR)/GestureTutorial.app/GestureTutorial";
			};
			name = Debug;
		};
		A414C3C81A94CFD7000FC74B /* Release */ = {
			isa = XCBuildConfiguration;
			buildSettings = {
				BUNDLE_LOADER = "$(TEST_HOST)";
				FRAMEWORK_SEARCH_PATHS = (
					"$(SDKROOT)/Developer/Library/Frameworks",
					"$(inherited)",
				);
				INFOPLIST_FILE = GestureTutorialTests/Info.plist;
				LD_RUNPATH_SEARCH_PATHS = "$(inherited) @executable_path/Frameworks @loader_path/Frameworks";
				PRODUCT_NAME = "$(TARGET_NAME)";
				TEST_HOST = "$(BUILT_PRODUCTS_DIR)/GestureTutorial.app/GestureTutorial";
			};
			name = Release;
		};
/* End XCBuildConfiguration section */

/* Begin XCConfigurationList section */
		A414C39F1A94CFD7000FC74B /* Build configuration list for PBXProject "GestureTutorial" */ = {
			isa = XCConfigurationList;
			buildConfigurations = (
				A414C3C11A94CFD7000FC74B /* Debug */,
				A414C3C21A94CFD7000FC74B /* Release */,
			);
			defaultConfigurationIsVisible = 0;
			defaultConfigurationName = Release;
		};
		A414C3C31A94CFD7000FC74B /* Build configuration list for PBXNativeTarget "GestureTutorial" */ = {
			isa = XCConfigurationList;
			buildConfigurations = (
				A414C3C41A94CFD7000FC74B /* Debug */,
				A414C3C51A94CFD7000FC74B /* Release */,
			);
			defaultConfigurationIsVisible = 0;
		};
		A414C3C61A94CFD7000FC74B /* Build configuration list for PBXNativeTarget "GestureTutorialTests" */ = {
			isa = XCConfigurationList;
			buildConfigurations = (
				A414C3C71A94CFD7000FC74B /* Debug */,
				A414C3C81A94CFD7000FC74B /* Release */,
			);
			defaultConfigurationIsVisible = 0;
		};
/* End XCConfigurationList section */
	};
	rootObject = A414C39C1A94CFD7000FC74B /* Project object */;
}
